
Microsoft Visual Studio Solution File, Format Version 12.00
# Visual Studio 2013
VisualStudioVersion = 12.0.21005.1
MinimumVisualStudioVersion = 10.0.40219.1
Project("{FAE04EC0-301F-11D3-BF4B-00C04F79EFBC}") = "BDB.Kommand", "BDB.Kommand\BDB.Kommand.csproj", "{3891C999-1688-4A5B-989A-F5E7E79CE115}"
EndProject
Project("{FAE04EC0-301F-11D3-BF4B-00C04F79EFBC}") = "BDB.Extensions", "BDB.Extensions\BDB.Extensions.csproj", "{902E99C0-1294-4F7F-8624-70CAC2C84872}"
EndProject
Project("{FAE04EC0-301F-11D3-BF4B-00C04F79EFBC}") = "BDB.Propis", "BDB.Propis\BDB.Propis.csproj", "{0113A03D-DBA1-4418-A749-F4A9B274A023}"
EndProject
Project("{FAE04EC0-301F-11D3-BF4B-00C04F79EFBC}") = "UnitTest", "UnitTest\UnitTest.csproj", "{94E24404-AFD4-4446-ABD9-C107785A3D1A}"
EndProject
Project("{FAE04EC0-301F-11D3-BF4B-00C04F79EFBC}") = "BDB.Bently", "BDB.Bently\BDB.Bently.csproj", "{98D120A6-86BF-4C93-A1DE-9C8332767892}"
EndProject
Project("{FAE04EC0-301F-11D3-BF4B-00C04F79EFBC}") = "BDB.Templating", "BDB.Templating\BDB.Templating.csproj", "{45D2BD49-8914-4A4A-B470-C65DEA7E0952}"
EndProject
Project("{FAE04EC0-301F-11D3-BF4B-00C04F79EFBC}") = "BDB.Owin.Razor", "BDB.Owin.Razor\BDB.Owin.Razor.csproj", "{0FD4379B-5F6B-4622-86F2-10D6F4094C4E}"
EndProject
Global
	GlobalSection(SolutionConfigurationPlatforms) = preSolution
		Debug|Any CPU = Debug|Any CPU
		Release|Any CPU = Release|Any CPU
	EndGlobalSection
	GlobalSection(ProjectConfigurationPlatforms) = postSolution
		{3891C999-1688-4A5B-989A-F5E7E79CE115}.Debug|Any CPU.ActiveCfg = Debug|Any CPU
		{3891C999-1688-4A5B-989A-F5E7E79CE115}.Debug|Any CPU.Build.0 = Debug|Any CPU
		{3891C999-1688-4A5B-989A-F5E7E79CE115}.Release|Any CPU.ActiveCfg = Release|Any CPU
		{3891C999-1688-4A5B-989A-F5E7E79CE115}.Release|Any CPU.Build.0 = Release|Any CPU
		{902E99C0-1294-4F7F-8624-70CAC2C84872}.Debug|Any CPU.ActiveCfg = Debug|Any CPU
		{902E99C0-1294-4F7F-8624-70CAC2C84872}.Debug|Any CPU.Build.0 = Debug|Any CPU
		{902E99C0-1294-4F7F-8624-70CAC2C84872}.Release|Any CPU.ActiveCfg = Release|Any CPU
		{902E99C0-1294-4F7F-8624-70CAC2C84872}.Release|Any CPU.Build.0 = Release|Any CPU
		{0113A03D-DBA1-4418-A749-F4A9B274A023}.Debug|Any CPU.ActiveCfg = Debug|Any CPU
		{0113A03D-DBA1-4418-A749-F4A9B274A023}.Debug|Any CPU.Build.0 = Debug|Any CPU
		{0113A03D-DBA1-4418-A749-F4A9B274A023}.Release|Any CPU.ActiveCfg = Release|Any CPU
		{0113A03D-DBA1-4418-A749-F4A9B274A023}.Release|Any CPU.Build.0 = Release|Any CPU
		{94E24404-AFD4-4446-ABD9-C107785A3D1A}.Debug|Any CPU.ActiveCfg = Debug|Any CPU
		{94E24404-AFD4-4446-ABD9-C107785A3D1A}.Debug|Any CPU.Build.0 = Debug|Any CPU
		{94E24404-AFD4-4446-ABD9-C107785A3D1A}.Release|Any CPU.ActiveCfg = Release|Any CPU
		{94E24404-AFD4-4446-ABD9-C107785A3D1A}.Release|Any CPU.Build.0 = Release|Any CPU
		{98D120A6-86BF-4C93-A1DE-9C8332767892}.Debug|Any CPU.ActiveCfg = Debug|Any CPU
		{98D120A6-86BF-4C93-A1DE-9C8332767892}.Debug|Any CPU.Build.0 = Debug|Any CPU
		{98D120A6-86BF-4C93-A1DE-9C8332767892}.Release|Any CPU.ActiveCfg = Release|Any CPU
		{98D120A6-86BF-4C93-A1DE-9C8332767892}.Release|Any CPU.Build.0 = Release|Any CPU
		{45D2BD49-8914-4A4A-B470-C65DEA7E0952}.Debug|Any CPU.ActiveCfg = Debug|Any CPU
		{45D2BD49-8914-4A4A-B470-C65DEA7E0952}.Debug|Any CPU.Build.0 = Debug|Any CPU
		{45D2BD49-8914-4A4A-B470-C65DEA7E0952}.Release|Any CPU.ActiveCfg = Release|Any CPU
		{45D2BD49-8914-4A4A-B470-C65DEA7E0952}.Release|Any CPU.Build.0 = Release|Any CPU
		{0FD4379B-5F6B-4622-86F2-10D6F4094C4E}.Debug|Any CPU.ActiveCfg = Debug|Any CPU
		{0FD4379B-5F6B-4622-86F2-10D6F4094C4E}.Debug|Any CPU.Build.0 = Debug|Any CPU
		{0FD4379B-5F6B-4622-86F2-10D6F4094C4E}.Release|Any CPU.ActiveCfg = Release|Any CPU
		{0FD4379B-5F6B-4622-86F2-10D6F4094C4E}.Release|Any CPU.Build.0 = Release|Any CPU
	EndGlobalSection
	GlobalSection(SolutionProperties) = preSolution
		HideSolutionNode = FALSE
	EndGlobalSection
EndGlobal
